{
  "name": "home-hub-matter-bridge",
  "version": "0.1.0",
  "lockfileVersion": 3,
  "requires": true,
  "packages": {
    "": {
      "name": "home-hub-matter-bridge",
      "version": "0.1.0",
      "dependencies": {
        "@matter/main": "0.17.9",
        "@matter/nodejs": "0.17.9",
        "ws": "8.18.3"
      },
      "devDependencies": {
        "@types/node": "22.10.2",
        "@types/ws": "8.5.13",
        "typescript": "5.7.2"
      },
      "engines": {
        "node": ">=20"
      }
    },
    "node_modules/@matter/general": {
      "version": "0.17.9",
      "resolved": "https://registry.npmjs.org/@matter/general/-/general-0.17.9.tgz",
      "integrity": "sha512-NMAhD/EKpfTb1e0UllUJLdWgViw+Jp41PoY6s4yVGAiuo0sot6CYSdQauXelQPldhonrn2bLSKAa2mQUKWdhLQ==",
      "license": "Apache-2.0",
      "dependencies": {
        "@noble/curves": "^2.2.0"
      }
    },
    "node_modules/@matter/main": {
      "version": "0.17.9",
      "resolved": "https://registry.npmjs.org/@matter/main/-/main-0.17.9.tgz",
      "integrity": "sha512-YFBpU1AquN6sLC466xcOslAaERtlBnofHfuvDyY9B8UHZZJwFUfsDT7gMWVYkU5J/S9vc7lslL9TMvvns8Biaw==",
      "license": "Apache-2.0",
      "dependencies": {
        "@matter/general": "0.17.9",
        "@matter/model": "0.17.9",
        "@matter/node": "0.17.9",
        "@matter/protocol": "0.17.9",
        "@matter/types": "0.17.9"
      },
      "optionalDependencies": {
        "@matter/nodejs": "0.17.9"
      }
    },
    "node_modules/@matter/model": {
      "version": "0.17.9",
      "resolved": "https://registry.npmjs.org/@matter/model/-/model-0.17.9.tgz",
      "integrity": "sha512-NICGlK8ubD2an1eKIhEX2osZRl5JjnZE3Z8CJGnWItyVU5MbX1ta/EdCx/eBGy8WQPTxpYu93keW3L6qTUMOlg==",
      "license": "Apache-2.0",
      "dependencies": {
        "@matter/general": "0.17.9"
      }
    },
    "node_modules/@matter/node": {
      "version": "0.17.9",
      "resolved": "https://registry.npmjs.org/@matter/node/-/node-0.17.9.tgz",
      "integrity": "sha512-5AT6NYfIlLaILHAgVQoNZkuobff+CR7Ewkdj14YkENx77rRlujgDlDpXRiJkAHc+EUvRkwr5zA9ZL70XkwHkEw==",
      "license": "Apache-2.0",
      "dependencies": {
        "@matter/general": "0.17.9",
        "@matter/model": "0.17.9",
        "@matter/protocol": "0.17.9",
        "@matter/types": "0.17.9"
      }
    },
    "node_modules/@matter/nodejs": {
      "version": "0.17.9",
      "resolved": "https://registry.npmjs.org/@matter/nodejs/-/nodejs-0.17.9.tgz",
      "integrity": "sha512-2C3J89qeLyknLtbe/ls46dmjs/eN8LmMSKpGl90mC2ut8471z4rkpFYNE+MTJLFg8yzC+R86yi35Y3lBzioEwA==",
      "license": "Apache-2.0",
      "dependencies": {
        "@matter/general": "0.17.9",
        "@matter/node": "0.17.9",
        "@matter/protocol": "0.17.9",
        "@matter/types": "0.17.9"
      },
      "engines": {
        "node": ">=20.19.0 <22.0.0 || >=22.13.0"
      }
    },
    "node_modules/@matter/protocol": {
      "version": "0.17.9",
      "resolved": "https://registry.npmjs.org/@matter/protocol/-/protocol-0.17.9.tgz",
      "integrity": "sha512-BZg1BWwm3rHsFxyQm17VjpTNO3kwd+AIjI9dtfnPFkH5CeS7r6Ebd/9j8L0zxeVPotciMcSW8H5W+3kCcuB2HQ==",
      "license": "Apache-2.0",
      "dependencies": {
        "@matter/general": "0.17.9",
        "@matter/model": "0.17.9",
        "@matter/types": "0.17.9"
      }
    },
    "node_modules/@matter/types": {
      "version": "0.17.9",
      "resolved": "https://registry.npmjs.org/@matter/types/-/types-0.17.9.tgz",
      "integrity": "sha512-Tdb08WzfM2Ma962NTtNrHTA3S26eBGCj5/kpnpl9LS5Twpw78Rgk/jogOIM/HDVCbu/M/ZSQPmdBN/q3vWEXAw==",
      "license": "Apache-2.0",
      "dependencies": {
        "@matter/general": "0.17.9",
        "@matter/model": "0.17.9"
      }
    },
    "node_modules/@noble/curves": {
      "version": "2.4.0",
      "resolved": "https://registry.npmjs.org/@noble/curves/-/curves-2.4.0.tgz",
      "integrity": "sha512-P4/62zrgfH33CneE3Dn4WhJVA22YUU0eR51wKIan4NVRvwsA0YnPTwWGpNbpuacSujmSFLvyzpyuR30+fbq2Ew==",
      "license": "MIT",
      "dependencies": {
        "@noble/hashes": "2.4.0"
      },
      "engines": {
        "node": ">= 20.19.0"
      },
      "funding": {
        "url": "https://paulmillr.com/funding/"
      }
    },
    "node_modules/@noble/hashes": {
      "version": "2.4.0",
      "resolved": "https://registry.npmjs.org/@noble/hashes/-/hashes-2.4.0.tgz",
      "integrity": "sha512-X5XaVWZIBCT7HHZGm5I7ZQXDwLG+bGXuSrMQAW+7Zvl87h1kmc1ZB1VSRJcpUfoUrGQp4Fkoxm5kZ+Ms+aW+eA==",
      "license": "MIT",
      "engines": {
        "node": ">= 20.19.0"
      },
      "funding": {
        "url": "https://paulmillr.com/funding/"
      }
    },
    "node_modules/@types/node": {
      "version": "22.10.2",
      "resolved": "https://registry.npmjs.org/@types/node/-/node-22.10.2.tgz",
      "integrity": "sha512-Xxr6BBRCAOQixvonOye19wnzyDiUtTeqldOOmj3CkeblonbccA12PFwlufvRdrpjXxqnmUaeiU5EOA+7s5diUQ==",
      "dev": true,
      "license": "MIT",
      "dependencies": {
        "undici-types": "~6.20.0"
      }
    },
    "node_modules/@types/ws": {
      "version": "8.5.13",
      "resolved": "https://registry.npmjs.org/@types/ws/-/ws-8.5.13.tgz",
      "integrity": "sha512-osM/gWBTPKgHV8XkTunnegTRIsvF6owmf5w+JtAfOw472dptdm0dlGv4xCt6GwQRcC2XVOvvRE/0bAoQcL2QkA==",
      "dev": true,
      "license": "MIT",
      "dependencies": {
        "@types/node": "*"
      }
    },
    "node_modules/typescript": {
      "version": "5.7.2",
      "resolved": "https://registry.npmjs.org/typescript/-/typescript-5.7.2.tgz",
      "integrity": "sha512-i5t66RHxDvVN40HfDd1PsEThGNnlMCMT3jMUuoh9/0TaqWevNontacunWyN02LA9/fIbEWlcHZcgTKb9QoaLfg==",
      "dev": true,
      "license": "Apache-2.0",
      "bin": {
        "tsc": "bin/tsc",
        "tsserver": "bin/tsserver"
      },
      "engines": {
        "node": ">=14.17"
      }
    },
    "node_modules/undici-types": {
      "version": "6.20.0",
      "resolved": "https://registry.npmjs.org/undici-types/-/undici-types-6.20.0.tgz",
      "integrity": "sha512-Ny6QZ2Nju20vw1SRHe3d9jVu6gJ+4e3+MMpqu7pqE5HT6WsTSlce++GQmK5UXS8mzV8DSYHrQH+Xrf2jVcuKNg==",
      "dev": true,
      "license": "MIT"
    },
    "node_modules/ws": {
      "version": "8.18.3",
      "resolved": "https://registry.npmjs.org/ws/-/ws-8.18.3.tgz",
      "integrity": "sha512-PEIGCY5tSlUt50cqyMXfCzX+oOPqN0vuGqWzbcJ2xvnkzkq46oOpz7dQaTDBdfICb4N14+GARUDw2XV2N4tvzg==",
      "license": "MIT",
      "engines": {
        "node": ">=10.0.0"
      },
      "peerDependencies": {
        "bufferutil": "^4.0.1",
        "utf-8-validate": ">=5.0.2"
      },
      "peerDependenciesMeta": {
        "bufferutil": {
          "optional": true
        },
        "utf-8-validate": {
          "optional": true
        }
      }
    }
  }
}
